<?xml version="1.0" encoding="utf-8"?>
<Project ToolsVersion="4.0" xmlns="http://schemas.microsoft.com/developer/msbuild/2003">
  <ItemGroup>
    <Filter Include="소스 파일">
      <UniqueIdentifier>{4FC737F1-C7A5-4376-A066-2A32D752A2FF}</UniqueIdentifier>
      <Extensions>cpp;c;cc;cxx;c++;cppm;ixx;def;odl;idl;hpj;bat;asm;asmx</Extensions>
    </Filter>
    <Filter Include="헤더 파일">
      <UniqueIdentifier>{93995380-89BD-4b04-88EB-625FBE52EBFB}</UniqueIdentifier>
      <Extensions>h;hh;hpp;hxx;h++;hm;inl;inc;ipp;xsd</Extensions>
    </Filter>
    <Filter Include="리소스 파일">
      <UniqueIdentifier>{67DA6AB6-F800-4c08-8B7A-83BB121AAD01}</UniqueIdentifier>
      <Extensions>rc;ico;cur;bmp;dlg;rc2;rct;bin;rgs;gif;jpg;jpeg;jpe;resx;tiff;tif;png;wav;mfcribbon-ms</Extensions>
    </Filter>
    <Filter Include="소스 파일\Blackboards">
      <UniqueIdentifier>{6bc476bd-463e-4296-8514-5e0c859546f4}</UniqueIdentifier>
    </Filter>
    <Filter Include="소스 파일\BehaviorTree">
      <UniqueIdentifier>{002c5e47-df98-4a6d-a3b0-474734accea5}</UniqueIdentifier>
    </Filter>
    <Filter Include="소스 파일\BehaviorTree\Action">
      <UniqueIdentifier>{4ff9c9b8-3d6f-4e13-99d2-b277203e5207}</UniqueIdentifier>
    </Filter>
    <Filter Include="소스 파일\BehaviorTree\Composite">
      <UniqueIdentifier>{aa63f059-ae26-4d8c-95ca-394a9c9dd40a}</UniqueIdentifier>
    </Filter>
    <Filter Include="소스 파일\BehaviorTree\Base">
      <UniqueIdentifier>{5363d181-e16b-44dc-b1f4-bba3c4f937a3}</UniqueIdentifier>
    </Filter>
    <Filter Include="소스 파일\BehaviorTree\Blackboard">
      <UniqueIdentifier>{bf10de94-3c32-4cb2-b29f-053fd3cb0c25}</UniqueIdentifier>
    </Filter>
    <Filter Include="소스 파일\ActionFactory">
      <UniqueIdentifier>{fe47751a-f38f-48b4-abbe-33e180bd769e}</UniqueIdentifier>
    </Filter>
    <Filter Include="소스 파일\Actions">
      <UniqueIdentifier>{bc0b1b7d-191c-4c47-9b41-db29bdbf5d46}</UniqueIdentifier>
    </Filter>
    <Filter Include="소스 파일\Imgui">
      <UniqueIdentifier>{a85c4df5-e893-4ed9-8bb1-ccae291d125d}</UniqueIdentifier>
    </Filter>
    <Filter Include="소스 파일\BehaviorTreeEditor">
      <UniqueIdentifier>{86a589e8-2ff1-451f-9009-38d121adf6e2}</UniqueIdentifier>
    </Filter>
    <Filter Include="소스 파일\ToolBTNode">
      <UniqueIdentifier>{02d940c5-9486-48c7-ab03-78c5daa6ff7a}</UniqueIdentifier>
    </Filter>
  </ItemGroup>
  <ItemGroup>
    <ClCompile Include="main.cpp">
      <Filter>소스 파일</Filter>
    </ClCompile>
    <ClCompile Include="Composite.cpp">
      <Filter>소스 파일\BehaviorTree\Composite</Filter>
    </ClCompile>
    <ClCompile Include="Selector.cpp">
      <Filter>소스 파일\BehaviorTree\Composite</Filter>
    </ClCompile>
    <ClCompile Include="BTNode.cpp">
      <Filter>소스 파일\BehaviorTree\Base</Filter>
    </ClCompile>
    <ClCompile Include="Sequence.cpp">
      <Filter>소스 파일\BehaviorTree\Composite</Filter>
    </ClCompile>
    <ClCompile Include="Action.cpp">
      <Filter>소스 파일\BehaviorTree\Action</Filter>
    </ClCompile>
    <ClCompile Include="Blackboard.cpp">
      <Filter>소스 파일\BehaviorTree\Blackboard</Filter>
    </ClCompile>
    <ClCompile Include="ActionFactory.cpp">
      <Filter>소스 파일\ActionFactory</Filter>
    </ClCompile>
    <ClCompile Include="MoveToEnemyNode.cpp">
      <Filter>소스 파일\Actions</Filter>
    </ClCompile>
    <ClCompile Include="FindEnemyNode.cpp">
      <Filter>소스 파일\Actions</Filter>
    </ClCompile>
    <ClCompile Include="Wait.cpp">
      <Filter>소스 파일\Actions</Filter>
    </ClCompile>
    <ClCompile Include="Imgui\imgui.cpp">
      <Filter>소스 파일\Imgui</Filter>
    </ClCompile>
    <ClCompile Include="Imgui\imgui_canvas.cpp">
      <Filter>소스 파일\Imgui</Filter>
    </ClCompile>
    <ClCompile Include="Imgui\imgui_draw.cpp">
      <Filter>소스 파일\Imgui</Filter>
    </ClCompile>
    <ClCompile Include="Imgui\imgui_impl_dx11.cpp">
      <Filter>소스 파일\Imgui</Filter>
    </ClCompile>
    <ClCompile Include="Imgui\imgui_impl_win32.cpp">
      <Filter>소스 파일\Imgui</Filter>
    </ClCompile>
    <ClCompile Include="Imgui\imgui_node_editor.cpp">
      <Filter>소스 파일\Imgui</Filter>
    </ClCompile>
    <ClCompile Include="Imgui\imgui_node_editor_api.cpp">
      <Filter>소스 파일\Imgui</Filter>
    </ClCompile>
    <ClCompile Include="Imgui\imgui_tables.cpp">
      <Filter>소스 파일\Imgui</Filter>
    </ClCompile>
    <ClCompile Include="Imgui\imgui_widgets.cpp">
      <Filter>소스 파일\Imgui</Filter>
    </ClCompile>
    <ClCompile Include="Imgui\crude_json.cpp">
      <Filter>소스 파일\Imgui</Filter>
    </ClCompile>
    <ClCompile Include="BehaviorTreeEditor.cpp">
      <Filter>소스 파일\BehaviorTreeEditor</Filter>
    </ClCompile>
  </ItemGroup>
  <ItemGroup>
    <ClInclude Include="Composite.h">
      <Filter>소스 파일\BehaviorTree\Composite</Filter>
    </ClInclude>
    <ClInclude Include="Selector.h">
      <Filter>소스 파일\BehaviorTree\Composite</Filter>
    </ClInclude>
    <ClInclude Include="BTNode.h">
      <Filter>소스 파일\BehaviorTree\Base</Filter>
    </ClInclude>
    <ClInclude Include="Sequence.h">
      <Filter>소스 파일\BehaviorTree\Composite</Filter>
    </ClInclude>
    <ClInclude Include="Action.h">
      <Filter>소스 파일\BehaviorTree\Action</Filter>
    </ClInclude>
    <ClInclude Include="Blackboard.h">
      <Filter>소스 파일\BehaviorTree\Blackboard</Filter>
    </ClInclude>
    <ClInclude Include="json.hpp">
      <Filter>소스 파일</Filter>
    </ClInclude>
    <ClInclude Include="autoregister.h">
      <Filter>소스 파일</Filter>
    </ClInclude>
    <ClInclude Include="ActionFactory.h">
      <Filter>소스 파일\ActionFactory</Filter>
    </ClInclude>
    <ClInclude Include="MoveToEnemyNode.h">
      <Filter>소스 파일\Actions</Filter>
    </ClInclude>
    <ClInclude Include="FindEnemyNode.h">
      <Filter>소스 파일\Actions</Filter>
    </ClInclude>
    <ClInclude Include="Wait.h">
      <Filter>소스 파일\Actions</Filter>
    </ClInclude>
    <ClInclude Include="Imgui\imconfig.h">
      <Filter>소스 파일\Imgui</Filter>
    </ClInclude>
    <ClInclude Include="Imgui\imgui.h">
      <Filter>소스 파일\Imgui</Filter>
    </ClInclude>
    <ClInclude Include="Imgui\imgui_canvas.h">
      <Filter>소스 파일\Imgui</Filter>
    </ClInclude>
    <ClInclude Include="Imgui\imgui_impl_dx11.h">
      <Filter>소스 파일\Imgui</Filter>
    </ClInclude>
    <ClInclude Include="Imgui\imgui_impl_win32.h">
      <Filter>소스 파일\Imgui</Filter>
    </ClInclude>
    <ClInclude Include="Imgui\imgui_internal.h">
      <Filter>소스 파일\Imgui</Filter>
    </ClInclude>
    <ClInclude Include="Imgui\imgui_node_editor.h">
      <Filter>소스 파일\Imgui</Filter>
    </ClInclude>
    <ClInclude Include="Imgui\imstb_textedit.h">
      <Filter>소스 파일\Imgui</Filter>
    </ClInclude>
    <ClInclude Include="Imgui\imstb_rectpack.h">
      <Filter>소스 파일\Imgui</Filter>
    </ClInclude>
    <ClInclude Include="Imgui\imgui_node_editor_internal.h">
      <Filter>소스 파일\Imgui</Filter>
    </ClInclude>
    <ClInclude Include="Imgui\imgui_extra_math.h">
      <Filter>소스 파일\Imgui</Filter>
    </ClInclude>
    <ClInclude Include="Imgui\imgui_bezier_math.h">
      <Filter>소스 파일\Imgui</Filter>
    </ClInclude>
    <ClInclude Include="Imgui\imstb_truetype.h">
      <Filter>소스 파일\Imgui</Filter>
    </ClInclude>
    <ClInclude Include="Imgui\crude_json.h">
      <Filter>소스 파일\Imgui</Filter>
    </ClInclude>
    <ClInclude Include="BehaviorTreeEditor.h">
      <Filter>소스 파일\BehaviorTreeEditor</Filter>
    </ClInclude>
    <ClInclude Include="Node.h">
      <Filter>소스 파일\ToolBTNode</Filter>
    </ClInclude>
    <ClInclude Include="Imgui\imgui_extra_keys.h">
      <Filter>소스 파일\Imgui</Filter>
    </ClInclude>
    <ClInclude Include="Imgui\stb_image.h">
      <Filter>소스 파일\Imgui</Filter>
    </ClInclude>
  </ItemGroup>
  <ItemGroup>
    <None Include="generate_register.bat">
      <Filter>소스 파일</Filter>
    </None>
    <None Include="Imgui\imgui_extra_math.inl">
      <Filter>소스 파일\Imgui</Filter>
    </None>
    <None Include="Imgui\imgui_node_editor_internal.inl">
      <Filter>소스 파일\Imgui</Filter>
    </None>
    <None Include="Imgui\imgui_bezier_math.inl">
      <Filter>소스 파일\Imgui</Filter>
    </None>
  </ItemGroup>
</Project>